version = 1
revision = 3
requires-python = ">=3.11, <3.14"
resolution-markers = [
    "python_full_version >= '3.13'",
    "python_full_version < '3.13'",
]

[[package]]
name = "annotated-types"
version = "0.8.0"
source = { registry = "http://airlock-proxy.uplink.goog:999/python/artifact-foundry-prod/ah-3p-staging-python/simple/" }
sdist = { url = "http://airlock-proxy.uplink.goog:999/python/artifact-foundry-prod/ah-3p-staging-python/annotated-types/annotated_types-0.8.0.tar.gz", hash = "sha256:13b2beaad985e05e2d6407ee4c4f35590b11f8d693a258a561055cac8f64cab7" }
wheels = [
    { url = "http://airlock-proxy.uplink.goog:999/python/artifact-foundry-prod/ah-3p-staging-python/annotated-types/annotated_types-0.8.0-py3-none-any.whl", hash = "sha256:f072f4d804ea359e4eaf198b1af7a8b0943881a87f31bb764f8bf219bb9419e0" },
]

[[package]]
name = "anyio"
version = "4.15.1"
source = { registry = "http://airlock-proxy.uplink.goog:999/python/artifact-foundry-prod/ah-3p-staging-python/simple/" }
dependencies = [
    { name = "idna" },
    { name = "typing-extensions" },
]
sdist = { url = "http://airlock-proxy.uplink.goog:999/python/artifact-foundry-prod/ah-3p-staging-python/anyio/anyio-4.15.1.tar.gz", hash = "sha256:9f28306018cbd6d329e64a36d58256edff76dd996fe423bc957326e578b82a94" }
wheels = [
    { url = "http://airlock-proxy.uplink.goog:999/python/artifact-foundry-prod/ah-3p-staging-python/anyio/anyio-4.15.1-py3-none-any.whl", hash = "sha256:6152fdbbf9a77fdec97731721bebf7c4c44f7c29b424b0065826173efc7ed101" },
]

[[package]]
name = "certifi"
version = "2026.7.22"
source = { registry = "http://airlock-proxy.uplink.goog:999/python/artifact-foundry-prod/ah-3p-staging-python/simple/" }
sdist = { url = "http://airlock-proxy.uplink.goog:999/python/artifact-foundry-prod/ah-3p-staging-python/certifi/certifi-2026.7.22.tar.gz", hash = "sha256:741e2c3b351ddf169a738da9f2c048608ff7f2c5cc02f1ebc6b118bb090d5d55" }
wheels = [
    { url = "http://airlock-proxy.uplink.goog:999/python/artifact-foundry-prod/ah-3p-staging-python/certifi/certifi-2026.7.22-py3-none-any.whl", hash = "sha256:62f22742b58a1a33014a2b6b706588a8d7e2a88ae7bd1a6ebe8c992928483775" },
]

[[package]]
name = "click"
version = "8.5.0"
source = { registry = "http://airlock-proxy.uplink.goog:999/python/artifact-foundry-prod/ah-3p-staging-python/simple/" }
sdist = { url = "http://airlock-proxy.uplink.goog:999/python/artifact-foundry-prod/ah-3p-staging-python/click/click-8.5.0.tar.gz", hash = "sha256:ba0d2089de75ea0310e2dde03160e6ca10009947fb95a182f9b54021bb272e34" }
wheels = [
    { url = "http://airlock-proxy.uplink.goog:999/python/artifact-foundry-prod/ah-3p-staging-python/click/click-8.5.0-py3-none-any.whl", hash = "sha256:255bc9599cf7748b4b1a446ccc735421bd08a2ae529a8b88597d3de5664ee360" },
]

[[package]]
name = "colorama"
version = "0.4.6"
source = { registry = "http://airlock-proxy.uplink.goog:999/python/artifact-foundry-prod/ah-3p-staging-python/simple/" }
sdist = { url = "http://airlock-proxy.uplink.goog:999/python/artifact-foundry-prod/ah-3p-staging-python/colorama/colorama-0.4.6.tar.gz", hash = "sha256:08695f5cb7ed6e0531a20572697297273c47b8cae5a63ffc6d6ed5c201be6e44" }
wheels = [
    { url = "http://airlock-proxy.uplink.goog:999/python/artifact-foundry-prod/ah-3p-staging-python/colorama/colorama-0.4.6-py2.py3-none-any.whl", hash = "sha256:4f1d9991f5acc0ca119f9d443620b77f9d6b33703e51011c16baf57afb285fc6" },
]

[[package]]
name = "customer-profile-service"
version = "2.3.1"
source = { virtual = "." }
dependencies = [
    { name = "fastapi" },
    { name = "httpx" },
    { name = "pydantic" },
    { name = "pytest" },
    { name = "uvicorn" },
]

[package.dev-dependencies]
dev = [
    { name = "httpx" },
    { name = "pytest" },
]

[package.metadata]
requires-dist = [
    { name = "fastapi", specifier = "==0.115.0" },
    { name = "httpx", specifier = "==0.27.2" },
    { name = "pydantic", specifier = "==2.8.2" },
    { name = "pytest", specifier = "==8.3.2" },
    { name = "uvicorn", specifier = "==0.30.6" },
]

[package.metadata.requires-dev]
dev = [
    { name = "httpx", specifier = "==0.27.2" },
    { name = "pytest", specifier = "==8.3.2" },
]

[[package]]
name = "fastapi"
version = "0.115.0"
source = { registry = "http://airlock-proxy.uplink.goog:999/python/artifact-foundry-prod/ah-3p-staging-python/simple/" }
dependencies = [
    { name = "pydantic" },
    { name = "starlette" },
    { name = "typing-extensions" },
]
sdist = { url = "http://airlock-proxy.uplink.goog:999/python/artifact-foundry-prod/ah-3p-staging-python/fastapi/fastapi-0.115.0.tar.gz", hash = "sha256:f93b4ca3529a8ebc6fc3fcf710e5efa8de3df9b41570958abf1d97d843138004" }
wheels = [
    { url = "http://airlock-proxy.uplink.goog:999/python/artifact-foundry-prod/ah-3p-staging-python/fastapi/fastapi-0.115.0-py3-none-any.whl", hash = "sha256:17ea427674467486e997206a5ab25760f6b09e069f099b96f5b55a32fb6f1631" },
]

[[package]]
name = "h11"
version = "0.16.0"
source = { registry = "http://airlock-proxy.uplink.goog:999/python/artifact-foundry-prod/ah-3p-staging-python/simple/" }
sdist = { url = "http://airlock-proxy.uplink.goog:999/python/artifact-foundry-prod/ah-3p-staging-python/h11/h11-0.16.0.tar.gz", hash = "sha256:4e35b956cf45792e4caa5885e69fba00bdbc6ffafbfa020300e549b208ee5ff1" }
wheels = [
    { url = "http://airlock-proxy.uplink.goog:999/python/artifact-foundry-prod/ah-3p-staging-python/h11/h11-0.16.0-py3-none-any.whl", hash = "sha256:63cf8bbe7522de3bf65932fda1d9c2772064ffb3dae62d55932da54b31cb6c86" },
]

[[package]]
name = "httpcore"
version = "1.0.9"
source = { registry = "http://airlock-proxy.uplink.goog:999/python/artifact-foundry-prod/ah-3p-staging-python/simple/" }
dependencies = [
    { name = "certifi" },
    { name = "h11" },
]
sdist = { url = "http://airlock-proxy.uplink.goog:999/python/artifact-foundry-prod/ah-3p-staging-python/httpcore/httpcore-1.0.9.tar.gz", hash = "sha256:6e34463af53fd2ab5d807f399a9b45ea31c3dfa2276f15a2c3f00afff6e176e8" }
wheels = [
    { url = "http://airlock-proxy.uplink.goog:999/python/artifact-foundry-prod/ah-3p-staging-python/httpcore/httpcore-1.0.9-py3-none-any.whl", hash = "sha256:2d400746a40668fc9dec9810239072b40b4484b640a8c38fd654a024c7a1bf55" },
]

[[package]]
name = "httpx"
version = "0.27.2"
source = { registry = "http://airlock-proxy.uplink.goog:999/python/artifact-foundry-prod/ah-3p-staging-python/simple/" }
dependencies = [
    { name = "anyio" },
    { name = "certifi" },
    { name = "httpcore" },
    { name = "idna" },
    { name = "sniffio" },
]
sdist = { url = "http://airlock-proxy.uplink.goog:999/python/artifact-foundry-prod/ah-3p-staging-python/httpx/httpx-0.27.2.tar.gz", hash = "sha256:f7c2be1d2f3c3c3160d441802406b206c2b76f5947b11115e6df10c6c65e66c2" }
wheels = [
    { url = "http://airlock-proxy.uplink.goog:999/python/artifact-foundry-prod/ah-3p-staging-python/httpx/httpx-0.27.2-py3-none-any.whl", hash = "sha256:7bb2708e112d8fdd7829cd4243970f0c223274051cb35ee80c03301ee29a3df0" },
]

[[package]]
name = "idna"
version = "3.20"
source = { registry = "http://airlock-proxy.uplink.goog:999/python/artifact-foundry-prod/ah-3p-staging-python/simple/" }
sdist = { url = "http://airlock-proxy.uplink.goog:999/python/artifact-foundry-prod/ah-3p-staging-python/idna/idna-3.20.tar.gz", hash = "sha256:a7db850025b95ded1eae8a46181a1a6c56c92c96f0e2b005d9ff8dc0210cab44" }
wheels = [
    { url = "http://airlock-proxy.uplink.goog:999/python/artifact-foundry-prod/ah-3p-staging-python/idna/idna-3.20-py3-none-any.whl", hash = "sha256:ab7ae7122974553370f0bdb919e1a960b2cd1bc1ef0276416d896db81c14582c" },
]

[[package]]
name = "iniconfig"
version = "2.3.0"
source = { registry = "http://airlock-proxy.uplink.goog:999/python/artifact-foundry-prod/ah-3p-staging-python/simple/" }
sdist = { url = "http://airlock-proxy.uplink.goog:999/python/artifact-foundry-prod/ah-3p-staging-python/iniconfig/iniconfig-2.3.0.tar.gz", hash = "sha256:c76315c77db068650d49c5b56314774a7804df16fee4402c1f19d6d15d8c4730" }
wheels = [
    { url = "http://airlock-proxy.uplink.goog:999/python/artifact-foundry-prod/ah-3p-staging-python/iniconfig/iniconfig-2.3.0-py3-none-any.whl", hash = "sha256:f631c04d2c48c52b84d0d0549c99ff3859c98df65b3101406327ecc7d53fbf12" },
]

[[package]]
name = "packaging"
version = "26.3"
source = { registry = "http://airlock-proxy.uplink.goog:999/python/artifact-foundry-prod/ah-3p-staging-python/simple/" }
sdist = { url = "http://airlock-proxy.uplink.goog:999/python/artifact-foundry-prod/ah-3p-staging-python/packaging/packaging-26.3.tar.gz", hash = "sha256:94edc256424af38762eb31306eed28beb9f0efc50a8837492c9d6fd6004aed79" }
wheels = [
    { url = "http://airlock-proxy.uplink.goog:999/python/artifact-foundry-prod/ah-3p-staging-python/packaging/packaging-26.3-py3-none-any.whl", hash = "sha256:d7193f7c8e4e93f444fde0262bf90af30e16fa0ad0ad44cb553c87339b23cd1c" },
]

[[package]]
name = "pluggy"
version = "1.6.0"
source = { registry = "http://airlock-proxy.uplink.goog:999/python/artifact-foundry-prod/ah-3p-staging-python/simple/" }
sdist = { url = "http://airlock-proxy.uplink.goog:999/python/artifact-foundry-prod/ah-3p-staging-python/pluggy/pluggy-1.6.0.tar.gz", hash = "sha256:7dcc130b76258d33b90f61b658791dede3486c3e6bfb003ee5c9bfb396dd22f3" }
wheels = [
    { url = "http://airlock-proxy.uplink.goog:999/python/artifact-foundry-prod/ah-3p-staging-python/pluggy/pluggy-1.6.0-py3-none-any.whl", hash = "sha256:e920276dd6813095e9377c0bc5566d94c932c33b27a3e3945d8389c374dd4746" },
]

[[package]]
name = "pydantic"
version = "2.8.2"
source = { registry = "http://airlock-proxy.uplink.goog:999/python/artifact-foundry-prod/ah-3p-staging-python/simple/" }
dependencies = [
    { name = "annotated-types" },
    { name = "pydantic-core" },
    { name = "typing-extensions" },
]
sdist = { url = "http://airlock-proxy.uplink.goog:999/python/artifact-foundry-prod/ah-3p-staging-python/pydantic/pydantic-2.8.2.tar.gz", hash = "sha256:6f62c13d067b0755ad1c21a34bdd06c0c12625a22b0fc09c6b149816604f7c2a" }
wheels = [
    { url = "http://airlock-proxy.uplink.goog:999/python/artifact-foundry-prod/ah-3p-staging-python/pydantic/pydantic-2.8.2-py3-none-any.whl", hash = "sha256:73ee9fddd406dc318b885c7a2eab8a6472b68b8fb5ba8150949fc3db939f23c8" },
]

[[package]]
name = "pydantic-core"
version = "2.20.1"
source = { registry = "http://airlock-proxy.uplink.goog:999/python/artifact-foundry-prod/ah-3p-staging-python/simple/" }
dependencies = [
    { name = "typing-extensions" },
]
sdist = { url = "http://airlock-proxy.uplink.goog:999/python/artifact-foundry-prod/ah-3p-staging-python/pydantic-core/pydantic_core-2.20.1.tar.gz", hash = "sha256:26ca695eeee5f9f1aeeb211ffc12f10bcb6f71e2989988fda61dabd65db878d4" }
wheels = [
    { url = "http://airlock-proxy.uplink.goog:999/python/artifact-foundry-prod/ah-3p-staging-python/pydantic-core/pydantic_core-2.20.1-cp311-cp311-macosx_10_12_x86_64.whl", hash = "sha256:d2a8fa9d6d6f891f3deec72f5cc668e6f66b188ab14bb1ab52422fe8e644f312" },
    { url = "http://airlock-proxy.uplink.goog:999/python/artifact-foundry-prod/ah-3p-staging-python/pydantic-core/pydantic_core-2.20.1-cp311-cp311-macosx_11_0_arm64.whl", hash = "sha256:175873691124f3d0da55aeea1d90660a6ea7a3cfea137c38afa0a5ffabe37b88" },
    { url = "http://airlock-proxy.uplink.goog:999/python/artifact-foundry-prod/ah-3p-staging-python/pydantic-core/pydantic_core-2.20.1-cp311-cp311-manylinux_2_17_aarch64.manylinux2014_aarch64.whl", hash = "sha256:37eee5b638f0e0dcd18d21f59b679686bbd18917b87db0193ae36f9c23c355fc" },
    { url = "http://airlock-proxy.uplink.goog:999/python/artifact-foundry-prod/ah-3p-staging-python/pydantic-core/pydantic_core-2.20.1-cp311-cp311-manylinux_2_17_armv7l.manylinux2014_armv7l.whl", hash = "sha256:25e9185e2d06c16ee438ed39bf62935ec436474a6ac4f9358524220f1b236e43" },
    { url = "http://airlock-proxy.uplink.goog:999/python/artifact-foundry-prod/ah-3p-staging-python/pydantic-core/pydantic_core-2.20.1-cp311-cp311-manylinux_2_17_ppc64le.manylinux2014_ppc64le.whl", hash = "sha256:150906b40ff188a3260cbee25380e7494ee85048584998c1e66df0c7a11c17a6" },
    { url = "http://airlock-proxy.uplink.goog:999/python/artifact-foundry-prod/ah-3p-staging-python/pydantic-core/pydantic_core-2.20.1-cp311-cp311-manylinux_2_17_s390x.manylinux2014_s390x.whl", hash = "sha256:8ad4aeb3e9a97286573c03df758fc7627aecdd02f1da04516a86dc159bf70121" },
    { url = "http://airlock-proxy.uplink.goog:999/python/artifact-foundry-prod/ah-3p-staging-python/pydantic-core/pydantic_core-2.20.1-cp311-cp311-manylinux_2_17_x86_64.manylinux2014_x86_64.whl", hash = "sha256:d3f3ed29cd9f978c604708511a1f9c2fdcb6c38b9aae36a51905b8811ee5cbf1" },
    { url = "http://airlock-proxy.uplink.goog:999/python/artifact-foundry-prod/ah-3p-staging-python/pydantic-core/pydantic_core-2.20.1-cp311-cp311-manylinux_2_5_i686.manylinux1_i686.whl", hash = "sha256:b0dae11d8f5ded51699c74d9548dcc5938e0804cc8298ec0aa0da95c21fff57b" },
    { url = "http://airlock-proxy.uplink.goog:999/python/artifact-foundry-prod/ah-3p-staging-python/pydantic-core/pydantic_core-2.20.1-cp311-cp311-musllinux_1_1_aarch64.whl", hash = "sha256:faa6b09ee09433b87992fb5a2859efd1c264ddc37280d2dd5db502126d0e7f27" },
    { url = "http://airlock-proxy.uplink.goog:999/python/artifact-foundry-prod/ah-3p-staging-python/pydantic-core/pydantic_core-2.20.1-cp311-cp311-musllinux_1_1_x86_64.whl", hash = "sha256:9dc1b507c12eb0481d071f3c1808f0529ad41dc415d0ca11f7ebfc666e66a18b" },
    { url = "http://airlock-proxy.uplink.goog:999/python/artifact-foundry-prod/ah-3p-staging-python/pydantic-core/pydantic_core-2.20.1-cp311-none-win32.whl", hash = "sha256:fa2fddcb7107e0d1808086ca306dcade7df60a13a6c347a7acf1ec139aa6789a" },
    { url = "http://airlock-proxy.uplink.goog:999/python/artifact-foundry-prod/ah-3p-staging-python/pydantic-core/pydantic_core-2.20.1-cp311-none-win_amd64.whl", hash = "sha256:40a783fb7ee353c50bd3853e626f15677ea527ae556429453685ae32280c19c2" },
    { url = "http://airlock-proxy.uplink.goog:999/python/artifact-foundry-prod/ah-3p-staging-python/pydantic-core/pydantic_core-2.20.1-cp312-cp312-macosx_10_12_x86_64.whl", hash = "sha256:595ba5be69b35777474fa07f80fc260ea71255656191adb22a8c53aba4479231" },
    { url = "http://airlock-proxy.uplink.goog:999/python/artifact-foundry-prod/ah-3p-staging-python/pydantic-core/pydantic_core-2.20.1-cp312-cp312-macosx_11_0_arm64.whl", hash = "sha256:a4f55095ad087474999ee28d3398bae183a66be4823f753cd7d67dd0153427c9" },
    { url = "http://airlock-proxy.uplink.goog:999/python/artifact-foundry-prod/ah-3p-staging-python/pydantic-core/pydantic_core-2.20.1-cp312-cp312-manylinux_2_17_aarch64.manylinux2014_aarch64.whl", hash = "sha256:f9aa05d09ecf4c75157197f27cdc9cfaeb7c5f15021c6373932bf3e124af029f" },
    { url = "http://airlock-proxy.uplink.goog:999/python/artifact-foundry-prod/ah-3p-staging-python/pydantic-core/pydantic_core-2.20.1-cp312-cp312-manylinux_2_17_armv7l.manylinux2014_armv7l.whl", hash = "sha256:e97fdf088d4b31ff4ba35db26d9cc472ac7ef4a2ff2badeabf8d727b3377fc52" },
    { url = "http://airlock-proxy.uplink.goog:999/python/artifact-foundry-prod/ah-3p-staging-python/pydantic-core/pydantic_core-2.20.1-cp312-cp312-manylinux_2_17_ppc64le.manylinux2014_ppc64le.whl", hash = "sha256:bc633a9fe1eb87e250b5c57d389cf28998e4292336926b0b6cdaee353f89a237" },
    { url = "http://airlock-proxy.uplink.goog:999/python/artifact-foundry-prod/ah-3p-staging-python/pydantic-core/pydantic_core-2.20.1-cp312-cp312-manylinux_2_17_s390x.manylinux2014_s390x.whl", hash = "sha256:d573faf8eb7e6b1cbbcb4f5b247c60ca8be39fe2c674495df0eb4318303137fe" },
    { url = "http://airlock-proxy.uplink.goog:999/python/artifact-foundry-prod/ah-3p-staging-python/pydantic-core/pydantic_core-2.20.1-cp312-cp312-manylinux_2_17_x86_64.manylinux2014_x86_64.whl", hash = "sha256:26dc97754b57d2fd00ac2b24dfa341abffc380b823211994c4efac7f13b9e90e" },
    { url = "http://airlock-proxy.uplink.goog:999/python/artifact-foundry-prod/ah-3p-staging-python/pydantic-core/pydantic_core-2.20.1-cp312-cp312-manylinux_2_5_i686.manylinux1_i686.whl", hash = "sha256:33499e85e739a4b60c9dac710c20a08dc73cb3240c9a0e22325e671b27b70d24" },
    { url = "http://airlock-proxy.uplink.goog:999/python/artifact-foundry-prod/ah-3p-staging-python/pydantic-core/pydantic_core-2.20.1-cp312-cp312-musllinux_1_1_aarch64.whl", hash = "sha256:bebb4d6715c814597f85297c332297c6ce81e29436125ca59d1159b07f423eb1" },
    { url = "http://airlock-proxy.uplink.goog:999/python/artifact-foundry-prod/ah-3p-staging-python/pydantic-core/pydantic_core-2.20.1-cp312-cp312-musllinux_1_1_x86_64.whl", hash = "sha256:516d9227919612425c8ef1c9b869bbbee249bc91912c8aaffb66116c0b447ebd" },
    { url = "http://airlock-proxy.uplink.goog:999/python/artifact-foundry-prod/ah-3p-staging-python/pydantic-core/pydantic_core-2.20.1-cp312-none-win32.whl", hash = "sha256:469f29f9093c9d834432034d33f5fe45699e664f12a13bf38c04967ce233d688" },
    { url = "http://airlock-proxy.uplink.goog:999/python/artifact-foundry-prod/ah-3p-staging-python/pydantic-core/pydantic_core-2.20.1-cp312-none-win_amd64.whl", hash = "sha256:035ede2e16da7281041f0e626459bcae33ed998cca6a0a007a5ebb73414ac72d" },
    { url = "http://airlock-proxy.uplink.goog:999/python/artifact-foundry-prod/ah-3p-staging-python/pydantic-core/pydantic_core-2.20.1-cp313-cp313-macosx_10_12_x86_64.whl", hash = "sha256:0827505a5c87e8aa285dc31e9ec7f4a17c81a813d45f70b1d9164e03a813a686" },
    { url = "http://airlock-proxy.uplink.goog:999/python/artifact-foundry-prod/ah-3p-staging-python/pydantic-core/pydantic_core-2.20.1-cp313-cp313-macosx_11_0_arm64.whl", hash = "sha256:19c0fa39fa154e7e0b7f82f88ef85faa2a4c23cc65aae2f5aea625e3c13c735a" },
    { url = "http://airlock-proxy.uplink.goog:999/python/artifact-foundry-prod/ah-3p-staging-python/pydantic-core/pydantic_core-2.20.1-cp313-cp313-manylinux_2_17_aarch64.manylinux2014_aarch64.whl", hash = "sha256:4aa223cd1e36b642092c326d694d8bf59b71ddddc94cdb752bbbb1c5c91d833b" },
    { url = "http://airlock-proxy.uplink.goog:999/python/artifact-foundry-prod/ah-3p-staging-python/pydantic-core/pydantic_core-2.20.1-cp313-cp313-manylinux_2_17_armv7l.manylinux2014_armv7l.whl", hash = "sha256:c336a6d235522a62fef872c6295a42ecb0c4e1d0f1a3e500fe949415761b8a19" },
    { url = "http://airlock-proxy.uplink.goog:999/python/artifact-foundry-prod/ah-3p-staging-python/pydantic-core/pydantic_core-2.20.1-cp313-cp313-manylinux_2_17_ppc64le.manylinux2014_ppc64le.whl", hash = "sha256:7eb6a0587eded33aeefea9f916899d42b1799b7b14b8f8ff2753c0ac1741edac" },
    { url = "http://airlock-proxy.uplink.goog:999/python/artifact-foundry-prod/ah-3p-staging-python/pydantic-core/pydantic_core-2.20.1-cp313-cp313-manylinux_2_17_s390x.manylinux2014_s390x.whl", hash = "sha256:70c8daf4faca8da5a6d655f9af86faf6ec2e1768f4b8b9d0226c02f3d6209703" },
    { url = "http://airlock-proxy.uplink.goog:999/python/artifact-foundry-prod/ah-3p-staging-python/pydantic-core/pydantic_core-2.20.1-cp313-cp313-manylinux_2_17_x86_64.manylinux2014_x86_64.whl", hash = "sha256:e9fa4c9bf273ca41f940bceb86922a7667cd5bf90e95dbb157cbb8441008482c" },
    { url = "http://airlock-proxy.uplink.goog:999/python/artifact-foundry-prod/ah-3p-staging-python/pydantic-core/pydantic_core-2.20.1-cp313-cp313-manylinux_2_5_i686.manylinux1_i686.whl", hash = "sha256:11b71d67b4725e7e2a9f6e9c0ac1239bbc0c48cce3dc59f98635efc57d6dac83" },
    { url = "http://airlock-proxy.uplink.goog:999/python/artifact-foundry-prod/ah-3p-staging-python/pydantic-core/pydantic_core-2.20.1-cp313-cp313-musllinux_1_1_aarch64.whl", hash = "sha256:270755f15174fb983890c49881e93f8f1b80f0b5e3a3cc1394a255706cabd203" },
    { url = "http://airlock-proxy.uplink.goog:999/python/artifact-foundry-prod/ah-3p-staging-python/pydantic-core/pydantic_core-2.20.1-cp313-cp313-musllinux_1_1_x86_64.whl", hash = "sha256:c81131869240e3e568916ef4c307f8b99583efaa60a8112ef27a366eefba8ef0" },
    { url = "http://airlock-proxy.uplink.goog:999/python/artifact-foundry-prod/ah-3p-staging-python/pydantic-core/pydantic_core-2.20.1-cp313-none-win32.whl", hash = "sha256:b91ced227c41aa29c672814f50dbb05ec93536abf8f43cd14ec9521ea09afe4e" },
    { url = "http://airlock-proxy.uplink.goog:999/python/artifact-foundry-prod/ah-3p-staging-python/pydantic-core/pydantic_core-2.20.1-cp313-none-win_amd64.whl", hash = "sha256:65db0f2eefcaad1a3950f498aabb4875c8890438bc80b19362cf633b87a8ab20" },
]

[[package]]
name = "pytest"
version = "8.3.2"
source = { registry = "http://airlock-proxy.uplink.goog:999/python/artifact-foundry-prod/ah-3p-staging-python/simple/" }
dependencies = [
    { name = "colorama", marker = "sys_platform == 'win32'" },
    { name = "iniconfig" },
    { name = "packaging" },
    { name = "pluggy" },
]
sdist = { url = "http://airlock-proxy.uplink.goog:999/python/artifact-foundry-prod/ah-3p-staging-python/pytest/pytest-8.3.2.tar.gz", hash = "sha256:c132345d12ce551242c87269de812483f5bcc87cdbb4722e48487ba194f9fdce" }
wheels = [
    { url = "http://airlock-proxy.uplink.goog:999/python/artifact-foundry-prod/ah-3p-staging-python/pytest/pytest-8.3.2-py3-none-any.whl", hash = "sha256:4ba08f9ae7dcf84ded419494d229b48d0903ea6407b030eaec46df5e6a73bba5" },
]

[[package]]
name = "sniffio"
version = "1.3.1"
source = { registry = "http://airlock-proxy.uplink.goog:999/python/artifact-foundry-prod/ah-3p-staging-python/simple/" }
sdist = { url = "http://airlock-proxy.uplink.goog:999/python/artifact-foundry-prod/ah-3p-staging-python/sniffio/sniffio-1.3.1.tar.gz", hash = "sha256:f4324edc670a0f49750a81b895f35c3adb843cca46f0530f79fc1babb23789dc" }
wheels = [
    { url = "http://airlock-proxy.uplink.goog:999/python/artifact-foundry-prod/ah-3p-staging-python/sniffio/sniffio-1.3.1-py3-none-any.whl", hash = "sha256:2f6da418d1f1e0fddd844478f41680e794e6051915791a034ff65e5f100525a2" },
]

[[package]]
name = "starlette"
version = "0.38.6"
source = { registry = "http://airlock-proxy.uplink.goog:999/python/artifact-foundry-prod/ah-3p-staging-python/simple/" }
dependencies = [
    { name = "anyio" },
]
sdist = { url = "http://airlock-proxy.uplink.goog:999/python/artifact-foundry-prod/ah-3p-staging-python/starlette/starlette-0.38.6.tar.gz", hash = "sha256:863a1588f5574e70a821dadefb41e4881ea451a47a3cd1b4df359d4ffefe5ead" }
wheels = [
    { url = "http://airlock-proxy.uplink.goog:999/python/artifact-foundry-prod/ah-3p-staging-python/starlette/starlette-0.38.6-py3-none-any.whl", hash = "sha256:4517a1409e2e73ee4951214ba012052b9e16f60e90d73cfb06192c19203bbb05" },
]

[[package]]
name = "typing-extensions"
version = "4.16.0"
source = { registry = "http://airlock-proxy.uplink.goog:999/python/artifact-foundry-prod/ah-3p-staging-python/simple/" }
sdist = { url = "http://airlock-proxy.uplink.goog:999/python/artifact-foundry-prod/ah-3p-staging-python/typing-extensions/typing_extensions-4.16.0.tar.gz", hash = "sha256:dc983d19a509c94dba722ee6abd33940f7c05a89e243c47e907eb4db6f1a43e5" }
wheels = [
    { url = "http://airlock-proxy.uplink.goog:999/python/artifact-foundry-prod/ah-3p-staging-python/typing-extensions/typing_extensions-4.16.0-py3-none-any.whl", hash = "sha256:481caa481374e813c1b176ada14e97f1f67a4539ce9cfeb3f350d78d6370c2e8" },
]

[[package]]
name = "uvicorn"
version = "0.30.6"
source = { registry = "http://airlock-proxy.uplink.goog:999/python/artifact-foundry-prod/ah-3p-staging-python/simple/" }
dependencies = [
    { name = "click" },
    { name = "h11" },
]
sdist = { url = "http://airlock-proxy.uplink.goog:999/python/artifact-foundry-prod/ah-3p-staging-python/uvicorn/uvicorn-0.30.6.tar.gz", hash = "sha256:4b15decdda1e72be08209e860a1e10e92439ad5b97cf44cc945fcbee66fc5788" }
wheels = [
    { url = "http://airlock-proxy.uplink.goog:999/python/artifact-foundry-prod/ah-3p-staging-python/uvicorn/uvicorn-0.30.6-py3-none-any.whl", hash = "sha256:65fd46fe3fda5bdc1b03b94eb634923ff18cd35b2f084813ea79d1f103f711b5" },
]
